// !$*UTF8*$!
{
	archiveVersion = 1;
	classes = {
	};
	objectVersion = 46;
	objects = {

/* Begin PBXBuildFile section */
		45B07A6BD9D083D44E7C41A1 /* libPods-Todo.a in Frameworks */ = {isa = PBXBuildFile; fileRef = 58FFD0D8126123FEFA0D21D4 /* libPods-Todo.a */; };
		7E0F0B1E1E066917004F7FAE /* AppDelegate.swift in Sources */ = {isa = PBXBuildFile; fileRef = 7E0F0B1D1E066917004F7FAE /* AppDelegate.swift */; };
		7E0F0B201E066917004F7FAE /* LoginViewController.swift in Sources */ = {isa = PBXBuildFile; fileRef = 7E0F0B1F1E066917004F7FAE /* LoginViewController.swift */; };
		7E0F0B231E066917004F7FAE /* Main.storyboard in Resources */ = {isa = PBXBuildFile; fileRef = 7E0F0B211E066917004F7FAE /* Main.storyboard */; };
		7E0F0B251E066917004F7FAE /* Assets.xcassets in Resources */ = {isa = PBXBuildFile; fileRef = 7E0F0B241E066917004F7FAE /* Assets.xcassets */; };
		7E0F0B281E066917004F7FAE /* LaunchScreen.storyboard in Resources */ = {isa = PBXBuildFile; fileRef = 7E0F0B261E066917004F7FAE /* LaunchScreen.storyboard */; };
		7E0F0B301E0685E9004F7FAE /* GoogleService-Info.plist in Resources */ = {isa = PBXBuildFile; fileRef = 7E0F0B2F1E0685E9004F7FAE /* GoogleService-Info.plist */; };
		7E0F0B321E06A561004F7FAE /* SignupViewController.swift in Sources */ = {isa = PBXBuildFile; fileRef = 7E0F0B311E06A561004F7FAE /* SignupViewController.swift */; };
		7E0F0B351E06BD5D004F7FAE /* FirstViewController.swift in Sources */ = {isa = PBXBuildFile; fileRef = 7E0F0B341E06BD5D004F7FAE /* FirstViewController.swift */; };
/* End PBXBuildFile section */

/* Begin PBXFileReference section */
		0ABB0E0E3428E29CB3BF67DC /* Pods-Todo.debug.xcconfig */ = {isa = PBXFileReference; includeInIndex = 1; lastKnownFileType = text.xcconfig; name = "Pods-Todo.debug.xcconfig"; path = "Pods/Target Support Files/Pods-Todo/Pods-Todo.debug.xcconfig"; sourceTree = "<group>"; };
		2E637A7C0E957C3DD4CAEE46 /* Pods-Todo.release.xcconfig */ = {isa = PBXFileReference; includeInIndex = 1; lastKnownFileType = text.xcconfig; name = "Pods-Todo.release.xcconfig"; path = "Pods/Target Support Files/Pods-Todo/Pods-Todo.release.xcconfig"; sourceTree = "<group>"; };
		58FFD0D8126123FEFA0D21D4 /* libPods-Todo.a */ = {isa = PBXFileReference; explicitFileType = archive.ar; includeInIndex = 0; path = "libPods-Todo.a"; sourceTree = BUILT_PRODUCTS_DIR; };
		7E0F0B1A1E066917004F7FAE /* Todo.app */ = {isa = PBXFileReference; explicitFileType = wrapper.application; includeInIndex = 0; path = Todo.app; sourceTree = BUILT_PRODUCTS_DIR; };
		7E0F0B1D1E066917004F7FAE /* AppDelegate.swift */ = {isa = PBXFileReference; lastKnownFileType = sourcecode.swift; path = AppDelegate.swift; sourceTree = "<group>"; };
		7E0F0B1F1E066917004F7FAE /* LoginViewController.swift */ = {isa = PBXFileReference; lastKnownFileType = sourcecode.swift; path = LoginViewController.swift; sourceTree = "<group>"; };
		7E0F0B221E066917004F7FAE /* Base */ = {isa = PBXFileReference; lastKnownFileType = file.storyboard; name = Base; path = Base.lproj/Main.storyboard; sourceTree = "<group>"; };
		7E0F0B241E066917004F7FAE /* Assets.xcassets */ = {isa = PBXFileReference; lastKnownFileType = folder.assetcatalog; path = Assets.xcassets; sourceTree = "<group>"; };
		7E0F0B271E066917004F7FAE /* Base */ = {isa = PBXFileReference; lastKnownFileType = file.storyboard; name = Base; path = Base.lproj/LaunchScreen.storyboard; sourceTree = "<group>"; };
		7E0F0B291E066917004F7FAE /* Info.plist */ = {isa = PBXFileReference; lastKnownFileType = text.plist.xml; path = Info.plist; sourceTree = "<group>"; };
		7E0F0B2F1E0685E9004F7FAE /* GoogleService-Info.plist */ = {isa = PBXFileReference; fileEncoding = 4; lastKnownFileType = text.plist.xml; path = "GoogleService-Info.plist"; sourceTree = "<group>"; };
		7E0F0B311E06A561004F7FAE /* SignupViewController.swift */ = {isa = PBXFileReference; fileEncoding = 4; lastKnownFileType = sourcecode.swift; path = SignupViewController.swift; sourceTree = "<group>"; };
		7E0F0B331E06B5EC004F7FAE /* Todo.entitlements */ = {isa = PBXFileReference; lastKnownFileType = text.plist.entitlements; path = Todo.entitlements; sourceTree = "<group>"; };
		7E0F0B341E06BD5D004F7FAE /* FirstViewController.swift */ = {isa = PBXFileReference; fileEncoding = 4; lastKnownFileType = sourcecode.swift; path = FirstViewController.swift; sourceTree = "<group>"; };
/* End PBXFileReference section */

/* Begin PBXFrameworksBuildPhase section */
		7E0F0B171E066917004F7FAE /* Frameworks */ = {
			isa = PBXFrameworksBuildPhase;
			buildActionMask = 2147483647;
			files = (
				45B07A6BD9D083D44E7C41A1 /* libPods-Todo.a in Frameworks */,
			);
			runOnlyForDeploymentPostprocessing = 0;
		};
/* End PBXFrameworksBuildPhase section */

/* Begin PBXGroup section */
		7E0F0B111E066917004F7FAE = {
			isa = PBXGroup;
			children = (
				7E0F0B1C1E066917004F7FAE /* Todo */,
				7E0F0B1B1E066917004F7FAE /* Products */,
				E12FF67771AB5A3882BB1D1A /* Pods */,
				800C7E0949721B0BA07E2D4F /* Frameworks */,
			);
			sourceTree = "<group>";
		};
		7E0F0B1B1E066917004F7FAE /* Products */ = {
			isa = PBXGroup;
			children = (
				7E0F0B1A1E066917004F7FAE /* Todo.app */,
			);
			name = Products;
			sourceTree = "<group>";
		};
		7E0F0B1C1E066917004F7FAE /* Todo */ = {
			isa = PBXGroup;
			children = (
				7E0F0B331E06B5EC004F7FAE /* Todo.entitlements */,
				7E0F0B2F1E0685E9004F7FAE /* GoogleService-Info.plist */,
				7E0F0B1D1E066917004F7FAE /* AppDelegate.swift */,
				7E0F0B1F1E066917004F7FAE /* LoginViewController.swift */,
				7E0F0B211E066917004F7FAE /* Main.storyboard */,
				7E0F0B241E066917004F7FAE /* Assets.xcassets */,
				7E0F0B261E066917004F7FAE /* LaunchScreen.storyboard */,
				7E0F0B291E066917004F7FAE /* Info.plist */,
				7E0F0B311E06A561004F7FAE /* SignupViewController.swift */,
				7E0F0B341E06BD5D004F7FAE /* FirstViewController.swift */,
			);
			path = Todo;
			sourceTree = "<group>";
		};
		800C7E0949721B0BA07E2D4F /* Frameworks */ = {
			isa = PBXGroup;
			children = (
				58FFD0D8126123FEFA0D21D4 /* libPods-Todo.a */,
			);
			name = Frameworks;
			sourceTree = "<group>";
		};
		E12FF67771AB5A3882BB1D1A /* Pods */ = {
			isa = PBXGroup;
			children = (
				0ABB0E0E3428E29CB3BF67DC /* Pods-Todo.debug.xcconfig */,
				2E637A7C0E957C3DD4CAEE46 /* Pods-Todo.release.xcconfig */,
			);
			name = Pods;
			sourceTree = "<group>";
		};
/* End PBXGroup section */

/* Begin PBXNativeTarget section */
		7E0F0B191E066917004F7FAE /* Todo */ = {
			isa = PBXNativeTarget;
			buildConfigurationList = 7E0F0B2C1E066917004F7FAE /* Build configuration list for PBXNativeTarget "Todo" */;
			buildPhases = (
				F7F27BB9B2573801FAF207C3 /* [CP] Check Pods Manifest.lock */,
				7E0F0B161E066917004F7FAE /* Sources */,
				7E0F0B171E066917004F7FAE /* Frameworks */,
				7E0F0B181E066917004F7FAE /* Resources */,
				12A65C3A6CB97E8288F88800 /* [CP] Embed Pods Frameworks */,
				368E87A446640F646815C45D /* [CP] Copy Pods Resources */,
			);
			buildRules = (
			);
			dependencies = (
			);
			name = Todo;
			productName = Todo;
			productReference = 7E0F0B1A1E066917004F7FAE /* Todo.app */;
			productType = "com.apple.product-type.application";
		};
/* End PBXNativeTarget section */

/* Begin PBXProject section */
		7E0F0B121E066917004F7FAE /* Project object */ = {
			isa = PBXProject;
			attributes = {
				LastSwiftUpdateCheck = 0800;
				LastUpgradeCheck = 0800;
				ORGANIZATIONNAME = "Rakesh Kumar";
				TargetAttributes = {
					7E0F0B191E066917004F7FAE = {
						CreatedOnToolsVersion = 8.0;
						DevelopmentTeam = 6S7K25C5YL;
						ProvisioningStyle = Automatic;
						SystemCapabilities = {
							com.apple.Keychain = {
								enabled = 1;
							};
						};
					};
				};
			};
			buildConfigurationList = 7E0F0B151E066917004F7FAE /* Build configuration list for PBXProject "Todo" */;
			compatibilityVersion = "Xcode 3.2";
			developmentRegion = English;
			hasScannedForEncodings = 0;
			knownRegions = (
				en,
				Base,
			);
			mainGroup = 7E0F0B111E066917004F7FAE;
			productRefGroup = 7E0F0B1B1E066917004F7FAE /* Products */;
			projectDirPath = "";
			projectRoot = "";
			targets = (
				7E0F0B191E066917004F7FAE /* Todo */,
			);
		};
/* End PBXProject section */

/* Begin PBXResourcesBuildPhase section */
		7E0F0B181E066917004F7FAE /* Resources */ = {
			isa = PBXResourcesBuildPhase;
			buildActionMask = 2147483647;
			files = (
				7E0F0B281E066917004F7FAE /* LaunchScreen.storyboard in Resources */,
				7E0F0B301E0685E9004F7FAE /* GoogleService-Info.plist in Resources */,
				7E0F0B251E066917004F7FAE /* Assets.xcassets in Resources */,
				7E0F0B231E066917004F7FAE /* Main.storyboard in Resources */,
			);
			runOnlyForDeploymentPostprocessing = 0;
		};
/* End PBXResourcesBuildPhase section */

/* Begin PBXShellScriptBuildPhase section */
		12A65C3A6CB97E8288F88800 /* [CP] Embed Pods Frameworks */ = {
			isa = PBXShellScriptBuildPhase;
			buildActionMask = 2147483647;
			files = (
			);
			inputPaths = (
			);
			name = "[CP] Embed Pods Frameworks";
			outputPaths = (
			);
			runOnlyForDeploymentPostprocessing = 0;
			shellPath = /bin/sh;
			shellScript = "\"${SRCROOT}/Pods/Target Support Files/Pods-Todo/Pods-Todo-frameworks.sh\"\n";
			showEnvVarsInLog = 0;
		};
		368E87A446640F646815C45D /* [CP] Copy Pods Resources */ = {
			isa = PBXShellScriptBuildPhase;
			buildActionMask = 2147483647;
			files = (
			);
			inputPaths = (
			);
			name = "[CP] Copy Pods Resources";
			outputPaths = (
			);
			runOnlyForDeploymentPostprocessing = 0;
			shellPath = /bin/sh;
			shellScript = "\"${SRCROOT}/Pods/Target Support Files/Pods-Todo/Pods-Todo-resources.sh\"\n";
			showEnvVarsInLog = 0;
		};
		F7F27BB9B2573801FAF207C3 /* [CP] Check Pods Manifest.lock */ = {
			isa = PBXShellScriptBuildPhase;
			buildActionMask = 2147483647;
			files = (
			);
			inputPaths = (
			);
			name = "[CP] Check Pods Manifest.lock";
			outputPaths = (
			);
			runOnlyForDeploymentPostprocessing = 0;
			shellPath = /bin/sh;
			shellScript = "diff \"${PODS_ROOT}/../Podfile.lock\" \"${PODS_ROOT}/Manifest.lock\" > /dev/null\nif [[ $? != 0 ]] ; then\n    cat << EOM\nerror: The sandbox is not in sync with the Podfile.lock. Run 'pod install' or update your CocoaPods installation.\nEOM\n    exit 1\nfi\n";
			showEnvVarsInLog = 0;
		};
/* End PBXShellScriptBuildPhase section */

/* Begin PBXSourcesBuildPhase section */
		7E0F0B161E066917004F7FAE /* Sources */ = {
			isa = PBXSourcesBuildPhase;
			buildActionMask = 2147483647;
			files = (
				7E0F0B321E06A561004F7FAE /* SignupViewController.swift in Sources */,
				7E0F0B201E066917004F7FAE /* LoginViewController.swift in Sources */,
				7E0F0B1E1E066917004F7FAE /* AppDelegate.swift in Sources */,
				7E0F0B351E06BD5D004F7FAE /* FirstViewController.swift in Sources */,
			);
			runOnlyForDeploymentPostprocessing = 0;
		};
/* End PBXSourcesBuildPhase section */

/* Begin PBXVariantGroup section */
		7E0F0B211E066917004F7FAE /* Main.storyboard */ = {
			isa = PBXVariantGroup;
			children = (
				7E0F0B221E066917004F7FAE /* Base */,
			);
			name = Main.storyboard;
			sourceTree = "<group>";
		};
		7E0F0B261E066917004F7FAE /* LaunchScreen.storyboard */ = {
			isa = PBXVariantGroup;
			children = (
				7E0F0B271E066917004F7FAE /* Base */,
			);
			name = LaunchScreen.storyboard;
			sourceTree = "<group>";
		};
/* End PBXVariantGroup section */

/* Begin XCBuildConfiguration section */
		7E0F0B2A1E066917004F7FAE /* Debug */ = {
			isa = XCBuildConfiguration;
			buildSettings = {
				ALWAYS_SEARCH_USER_PATHS = NO;
				CLANG_ANALYZER_NONNULL = YES;
				CLANG_CXX_LANGUAGE_STANDARD = "gnu++0x";
				CLANG_CXX_LIBRARY = "libc++";
				CLANG_ENABLE_MODULES = YES;
				CLANG_ENABLE_OBJC_ARC = YES;
				CLANG_WARN_BOOL_CONVERSION = YES;
				CLANG_WARN_CONSTANT_CONVERSION = YES;
				CLANG_WARN_DIRECT_OBJC_ISA_USAGE = YES_ERROR;
				CLANG_WARN_DOCUMENTATION_COMMENTS = YES;
				CLANG_WARN_EMPTY_BODY = YES;
				CLANG_WARN_ENUM_CONVERSION = YES;
				CLANG_WARN_INFINITE_RECURSION = YES;
				CLANG_WARN_INT_CONVERSION = YES;
				CLANG_WARN_OBJC_ROOT_CLASS = YES_ERROR;
				CLANG_WARN_SUSPICIOUS_MOVES = YES;
				CLANG_WARN_UNREACHABLE_CODE = YES;
				CLANG_WARN__DUPLICATE_METHOD_MATCH = YES;
				"CODE_SIGN_IDENTITY[sdk=iphoneos*]" = "iPhone Developer";
				COPY_PHASE_STRIP = NO;
				DEBUG_INFORMATION_FORMAT = dwarf;
				ENABLE_STRICT_OBJC_MSGSEND = YES;
				ENABLE_TESTABILITY = YES;
				GCC_C_LANGUAGE_STANDARD = gnu99;
				GCC_DYNAMIC_NO_PIC = NO;
				GCC_NO_COMMON_BLOCKS = YES;
				GCC_OPTIMIZATION_LEVEL = 0;
				GCC_PREPROCESSOR_DEFINITIONS = (
					"DEBUG=1",
					"$(inherited)",
				);
				GCC_WARN_64_TO_32_BIT_CONVERSION = YES;
				GCC_WARN_ABOUT_RETURN_TYPE = YES_ERROR;
				GCC_WARN_UNDECLARED_SELECTOR = YES;
				GCC_WARN_UNINITIALIZED_AUTOS = YES_AGGRESSIVE;
				GCC_WARN_UNUSED_FUNCTION = YES;
				GCC_WARN_UNUSED_VARIABLE = YES;
				IPHONEOS_DEPLOYMENT_TARGET = 10.0;
				MTL_ENABLE_DEBUG_INFO = YES;
				ONLY_ACTIVE_ARCH = YES;
				SDKROOT = iphoneos;
				SWIFT_ACTIVE_COMPILATION_CONDITIONS = DEBUG;
				SWIFT_OPTIMIZATION_LEVEL = "-Onone";
				TARGETED_DEVICE_FAMILY = "1,2";
			};
			name = Debug;
		};
		7E0F0B2B1E066917004F7FAE /* Release */ = {
			isa = XCBuildConfiguration;
			buildSettings = {
				ALWAYS_SEARCH_USER_PATHS = NO;
				CLANG_ANALYZER_NONNULL = YES;
				CLANG_CXX_LANGUAGE_STANDARD = "gnu++0x";
				CLANG_CXX_LIBRARY = "libc++";
				CLANG_ENABLE_MODULES = YES;
				CLANG_ENABLE_OBJC_ARC = YES;
				CLANG_WARN_BOOL_CONVERSION = YES;
				CLANG_WARN_CONSTANT_CONVERSION = YES;
				CLANG_WARN_DIRECT_OBJC_ISA_USAGE = YES_ERROR;
				CLANG_WARN_DOCUMENTATION_COMMENTS = YES;
				CLANG_WARN_EMPTY_BODY = YES;
				CLANG_WARN_ENUM_CONVERSION = YES;
				CLANG_WARN_INFINITE_RECURSION = YES;
				CLANG_WARN_INT_CONVERSION = YES;
				CLANG_WARN_OBJC_ROOT_CLASS = YES_ERROR;
				CLANG_WARN_SUSPICIOUS_MOVES = YES;
				CLANG_WARN_UNREACHABLE_CODE = YES;
				CLANG_WARN__DUPLICATE_METHOD_MATCH = YES;
				"CODE_SIGN_IDENTITY[sdk=iphoneos*]" = "iPhone Developer";
				COPY_PHASE_STRIP = NO;
				DEBUG_INFORMATION_FORMAT = "dwarf-with-dsym";
				ENABLE_NS_ASSERTIONS = NO;
				ENABLE_STRICT_OBJC_MSGSEND = YES;
				GCC_C_LANGUAGE_STANDARD = gnu99;
				GCC_NO_COMMON_BLOCKS = YES;
				GCC_WARN_64_TO_32_BIT_CONVERSION = YES;
				GCC_WARN_ABOUT_RETURN_TYPE = YES_ERROR;
				GCC_WARN_UNDECLARED_SELECTOR = YES;
				GCC_WARN_UNINITIALIZED_AUTOS = YES_AGGRESSIVE;
				GCC_WARN_UNUSED_FUNCTION = YES;
				GCC_WARN_UNUSED_VARIABLE = YES;
				IPHONEOS_DEPLOYMENT_TARGET = 10.0;
				MTL_ENABLE_DEBUG_INFO = NO;
				SDKROOT = iphoneos;
				SWIFT_OPTIMIZATION_LEVEL = "-Owholemodule";
				TARGETED_DEVICE_FAMILY = "1,2";
				VALIDATE_PRODUCT = YES;
			};
			name = Release;
		};
		7E0F0B2D1E066917004F7FAE /* Debug */ = {
			isa = XCBuildConfiguration;
			baseConfigurationReference = 0ABB0E0E3428E29CB3BF67DC /* Pods-Todo.debug.xcconfig */;
			buildSettings = {
				ASSETCATALOG_COMPILER_APPICON_NAME = AppIcon;
				CODE_SIGN_ENTITLEMENTS = Todo/Todo.entitlements;
				DEVELOPMENT_TEAM = 6S7K25C5YL;
				INFOPLIST_FILE = Todo/Info.plist;
				LD_RUNPATH_SEARCH_PATHS = "$(inherited) @executable_path/Frameworks";
				PRODUCT_BUNDLE_IDENTIFIER = com.rakesh.Todo;
				PRODUCT_NAME = "$(TARGET_NAME)";
				SWIFT_VERSION = 3.0;
			};
			name = Debug;
		};
		7E0F0B2E1E066917004F7FAE /* Release */ = {
			isa = XCBuildConfiguration;
			baseConfigurationReference = 2E637A7C0E957C3DD4CAEE46 /* Pods-Todo.release.xcconfig */;
			buildSettings = {
				ASSETCATALOG_COMPILER_APPICON_NAME = AppIcon;
				CODE_SIGN_ENTITLEMENTS = Todo/Todo.entitlements;
				DEVELOPMENT_TEAM = 6S7K25C5YL;
				INFOPLIST_FILE = Todo/Info.plist;
				LD_RUNPATH_SEARCH_PATHS = "$(inherited) @executable_path/Frameworks";
				PRODUCT_BUNDLE_IDENTIFIER = com.rakesh.Todo;
				PRODUCT_NAME = "$(TARGET_NAME)";
				SWIFT_VERSION = 3.0;
			};
			name = Release;
		};
/* End XCBuildConfiguration section */

/* Begin XCConfigurationList section */
		7E0F0B151E066917004F7FAE /* Build configuration list for PBXProject "Todo" */ = {
			isa = XCConfigurationList;
			buildConfigurations = (
				7E0F0B2A1E066917004F7FAE /* Debug */,
				7E0F0B2B1E066917004F7FAE /* Release */,
			);
			defaultConfigurationIsVisible = 0;
			defaultConfigurationName = Release;
		};
		7E0F0B2C1E066917004F7FAE /* Build configuration list for PBXNativeTarget "Todo" */ = {
			isa = XCConfigurationList;
			buildConfigurations = (
				7E0F0B2D1E066917004F7FAE /* Debug */,
				7E0F0B2E1E066917004F7FAE /* Release */,
			);
			defaultConfigurationIsVisible = 0;
			defaultConfigurationName = Release;
		};
/* End XCConfigurationList section */
	};
	rootObject = 7E0F0B121E066917004F7FAE /* Project object */;
}
